
Microsoft Visual Studio Solution File, Format Version 12.00
# Visual Studio Version 17
VisualStudioVersion = 17.0.31903.59
MinimumVisualStudioVersion = 10.0.40219.1
Project("{FAE04EC0-301F-11D3-BF4B-00C04F79EFBC}") = "Morningstar.Snapshot.Client", "Morningstar.Snapshot.Client\Morningstar.Snapshot.Client.csproj", "{40FB8843-6692-4D85-9540-50883CDF6D4C}"
EndProject
Project("{FAE04EC0-301F-11D3-BF4B-00C04F79EFBC}") = "Morningstar.Snapshot.Domain", "Morningstar.Snapshot.Domain\Morningstar.Snapshot.Domain.csproj", "{575E4B15-224D-4803-8B3C-B40445B9B9DF}"
EndProject
Project("{FAE04EC0-301F-11D3-BF4B-00C04F79EFBC}") = "Morningstar.Snapshot.Client.Sample", "Morningstar.Snapshot.Client.Sample\Morningstar.Snapshot.Client.Sample.csproj", "{EB0D3615-3531-48D0-8383-6E579B7F14E8}"
EndProject
Project("{FAE04EC0-301F-11D3-BF4B-00C04F79EFBC}") = "Morningstar.Snapshot.Client.Tests", "Morningstar.Snapshot.Client.Tests\Morningstar.Snapshot.Client.Tests.csproj", "{F6CE5FAA-8963-4B29-B314-FD7CBC28DCA1}"
EndProject
Project("{FAE04EC0-301F-11D3-BF4B-00C04F79EFBC}") = "Morningstar.Snapshot.Client.BDD.Tests", "Morningstar.Snapshot.Client.BDD.Tests\Morningstar.Snapshot.Client.BDD.Tests.csproj", "{8EB6A7DF-B85A-4B7D-8895-ED55C4F00D2D}"
EndProject
Global
	GlobalSection(SolutionConfigurationPlatforms) = preSolution
		Debug|Any CPU = Debug|Any CPU
		Debug|x64 = Debug|x64
		Debug|x86 = Debug|x86
		Release|Any CPU = Release|Any CPU
		Release|x64 = Release|x64
		Release|x86 = Release|x86
	EndGlobalSection
	GlobalSection(ProjectConfigurationPlatforms) = postSolution
		{40FB8843-6692-4D85-9540-50883CDF6D4C}.Debug|Any CPU.ActiveCfg = Debug|Any CPU
		{40FB8843-6692-4D85-9540-50883CDF6D4C}.Debug|Any CPU.Build.0 = Debug|Any CPU
		{40FB8843-6692-4D85-9540-50883CDF6D4C}.Debug|x64.ActiveCfg = Debug|Any CPU
		{40FB8843-6692-4D85-9540-50883CDF6D4C}.Debug|x64.Build.0 = Debug|Any CPU
		{40FB8843-6692-4D85-9540-50883CDF6D4C}.Debug|x86.ActiveCfg = Debug|Any CPU
		{40FB8843-6692-4D85-9540-50883CDF6D4C}.Debug|x86.Build.0 = Debug|Any CPU
		{40FB8843-6692-4D85-9540-50883CDF6D4C}.Release|Any CPU.ActiveCfg = Release|Any CPU
		{40FB8843-6692-4D85-9540-50883CDF6D4C}.Release|Any CPU.Build.0 = Release|Any CPU
		{40FB8843-6692-4D85-9540-50883CDF6D4C}.Release|x64.ActiveCfg = Release|Any CPU
		{40FB8843-6692-4D85-9540-50883CDF6D4C}.Release|x64.Build.0 = Release|Any CPU
		{40FB8843-6692-4D85-9540-50883CDF6D4C}.Release|x86.ActiveCfg = Release|Any CPU
		{40FB8843-6692-4D85-9540-50883CDF6D4C}.Release|x86.Build.0 = Release|Any CPU
		{575E4B15-224D-4803-8B3C-B40445B9B9DF}.Debug|Any CPU.ActiveCfg = Debug|Any CPU
		{575E4B15-224D-4803-8B3C-B40445B9B9DF}.Debug|Any CPU.Build.0 = Debug|Any CPU
		{575E4B15-224D-4803-8B3C-B40445B9B9DF}.Debug|x64.ActiveCfg = Debug|Any CPU
		{575E4B15-224D-4803-8B3C-B40445B9B9DF}.Debug|x64.Build.0 = Debug|Any CPU
		{575E4B15-224D-4803-8B3C-B40445B9B9DF}.Debug|x86.ActiveCfg = Debug|Any CPU
		{575E4B15-224D-4803-8B3C-B40445B9B9DF}.Debug|x86.Build.0 = Debug|Any CPU
		{575E4B15-224D-4803-8B3C-B40445B9B9DF}.Release|Any CPU.ActiveCfg = Release|Any CPU
		{575E4B15-224D-4803-8B3C-B40445B9B9DF}.Release|Any CPU.Build.0 = Release|Any CPU
		{575E4B15-224D-4803-8B3C-B40445B9B9DF}.Release|x64.ActiveCfg = Release|Any CPU
		{575E4B15-224D-4803-8B3C-B40445B9B9DF}.Release|x64.Build.0 = Release|Any CPU
		{575E4B15-224D-4803-8B3C-B40445B9B9DF}.Release|x86.ActiveCfg = Release|Any CPU
		{575E4B15-224D-4803-8B3C-B40445B9B9DF}.Release|x86.Build.0 = Release|Any CPU
		{EB0D3615-3531-48D0-8383-6E579B7F14E8}.Debug|Any CPU.ActiveCfg = Debug|Any CPU
		{EB0D3615-3531-48D0-8383-6E579B7F14E8}.Debug|Any CPU.Build.0 = Debug|Any CPU
		{EB0D3615-3531-48D0-8383-6E579B7F14E8}.Debug|x64.ActiveCfg = Debug|Any CPU
		{EB0D3615-3531-48D0-8383-6E579B7F14E8}.Debug|x64.Build.0 = Debug|Any CPU
		{EB0D3615-3531-48D0-8383-6E579B7F14E8}.Debug|x86.ActiveCfg = Debug|Any CPU
		{EB0D3615-3531-48D0-8383-6E579B7F14E8}.Debug|x86.Build.0 = Debug|Any CPU
		{EB0D3615-3531-48D0-8383-6E579B7F14E8}.Release|Any CPU.ActiveCfg = Release|Any CPU
		{EB0D3615-3531-48D0-8383-6E579B7F14E8}.Release|Any CPU.Build.0 = Release|Any CPU
		{EB0D3615-3531-48D0-8383-6E579B7F14E8}.Release|x64.ActiveCfg = Release|Any CPU
		{EB0D3615-3531-48D0-8383-6E579B7F14E8}.Release|x64.Build.0 = Release|Any CPU
		{EB0D3615-3531-48D0-8383-6E579B7F14E8}.Release|x86.ActiveCfg = Release|Any CPU
		{EB0D3615-3531-48D0-8383-6E579B7F14E8}.Release|x86.Build.0 = Release|Any CPU
		{F6CE5FAA-8963-4B29-B314-FD7CBC28DCA1}.Debug|Any CPU.ActiveCfg = Debug|Any CPU
		{F6CE5FAA-8963-4B29-B314-FD7CBC28DCA1}.Debug|Any CPU.Build.0 = Debug|Any CPU
		{F6CE5FAA-8963-4B29-B314-FD7CBC28DCA1}.Debug|x64.ActiveCfg = Debug|Any CPU
		{F6CE5FAA-8963-4B29-B314-FD7CBC28DCA1}.Debug|x64.Build.0 = Debug|Any CPU
		{F6CE5FAA-8963-4B29-B314-FD7CBC28DCA1}.Debug|x86.ActiveCfg = Debug|Any CPU
		{F6CE5FAA-8963-4B29-B314-FD7CBC28DCA1}.Debug|x86.Build.0 = Debug|Any CPU
		{F6CE5FAA-8963-4B29-B314-FD7CBC28DCA1}.Release|Any CPU.ActiveCfg = Release|Any CPU
		{F6CE5FAA-8963-4B29-B314-FD7CBC28DCA1}.Release|Any CPU.Build.0 = Release|Any CPU
		{F6CE5FAA-8963-4B29-B314-FD7CBC28DCA1}.Release|x64.ActiveCfg = Release|Any CPU
		{F6CE5FAA-8963-4B29-B314-FD7CBC28DCA1}.Release|x64.Build.0 = Release|Any CPU
		{F6CE5FAA-8963-4B29-B314-FD7CBC28DCA1}.Release|x86.ActiveCfg = Release|Any CPU
		{F6CE5FAA-8963-4B29-B314-FD7CBC28DCA1}.Release|x86.Build.0 = Release|Any CPU
		{8EB6A7DF-B85A-4B7D-8895-ED55C4F00D2D}.Debug|Any CPU.ActiveCfg = Debug|Any CPU
		{8EB6A7DF-B85A-4B7D-8895-ED55C4F00D2D}.Debug|Any CPU.Build.0 = Debug|Any CPU
		{8EB6A7DF-B85A-4B7D-8895-ED55C4F00D2D}.Debug|x64.ActiveCfg = Debug|Any CPU
		{8EB6A7DF-B85A-4B7D-8895-ED55C4F00D2D}.Debug|x64.Build.0 = Debug|Any CPU
		{8EB6A7DF-B85A-4B7D-8895-ED55C4F00D2D}.Debug|x86.ActiveCfg = Debug|Any CPU
		{8EB6A7DF-B85A-4B7D-8895-ED55C4F00D2D}.Debug|x86.Build.0 = Debug|Any CPU
		{8EB6A7DF-B85A-4B7D-8895-ED55C4F00D2D}.Release|Any CPU.ActiveCfg = Release|Any CPU
		{8EB6A7DF-B85A-4B7D-8895-ED55C4F00D2D}.Release|Any CPU.Build.0 = Release|Any CPU
		{8EB6A7DF-B85A-4B7D-8895-ED55C4F00D2D}.Release|x64.ActiveCfg = Release|Any CPU
		{8EB6A7DF-B85A-4B7D-8895-ED55C4F00D2D}.Release|x64.Build.0 = Release|Any CPU
		{8EB6A7DF-B85A-4B7D-8895-ED55C4F00D2D}.Release|x86.ActiveCfg = Release|Any CPU
		{8EB6A7DF-B85A-4B7D-8895-ED55C4F00D2D}.Release|x86.Build.0 = Release|Any CPU
	EndGlobalSection
	GlobalSection(SolutionProperties) = preSolution
		HideSolutionNode = FALSE
	EndGlobalSection
EndGlobal
